// !$*UTF8*$!
{
	archiveVersion = 1;
	classes = {
	};
	objectVersion = 46;
	objects = {

/* Begin PBXFileReference section */
		C36C8BF7159B122C006597FC /* class-dump-z */ = {isa = PBXFileReference; lastKnownFileType = "compiled.mach-o.executable"; path = "class-dump-z"; sourceTree = "<group>"; };
		C36C8BF8159B122C006597FC /* README */ = {isa = PBXFileReference; lastKnownFileType = text; path = README; sourceTree = "<group>"; };
		C36C8BF9159B122C006597FC /* LICENSE */ = {isa = PBXFileReference; lastKnownFileType = text; path = LICENSE; sourceTree = "<group>"; };
		C36C8BFB159B122C006597FC /* class-dump-z */ = {isa = PBXFileReference; lastKnownFileType = file; path = "class-dump-z"; sourceTree = "<group>"; };
		C36C8BFC159B122C006597FC /* README */ = {isa = PBXFileReference; lastKnownFileType = text; path = README; sourceTree = "<group>"; };
		C36C8BFE159B122C006597FC /* class-dump-z */ = {isa = PBXFileReference; lastKnownFileType = "compiled.mach-o.executable"; path = "class-dump-z"; sourceTree = "<group>"; };
		C36C8BFF159B122C006597FC /* generate_dump.sh */ = {isa = PBXFileReference; lastKnownFileType = text.script.sh; path = generate_dump.sh; sourceTree = "<group>"; };
		C36C8C00159B122C006597FC /* test.sh */ = {isa = PBXFileReference; lastKnownFileType = text.script.sh; path = test.sh; sourceTree = "<group>"; };
		C36C8C01159B122C006597FC /* README */ = {isa = PBXFileReference; lastKnownFileType = text; path = README; sourceTree = "<group>"; };
		C36C8C03159B122C006597FC /* class-dump-z.exe */ = {isa = PBXFileReference; lastKnownFileType = file; path = "class-dump-z.exe"; sourceTree = "<group>"; };
/* End PBXFileReference section */

/* Begin PBXGroup section */
		C36C8BE9159B11C5006597FC = {
			isa = PBXGroup;
			children = (
				C36C8BF5159B122C006597FC /* class-dump-z_0.2a */,
			);
			sourceTree = "<group>";
		};
		C36C8BF5159B122C006597FC /* class-dump-z_0.2a */ = {
			isa = PBXGroup;
			children = (
				C36C8BF6159B122C006597FC /* iphone_armv6 */,
				C36C8BF9159B122C006597FC /* LICENSE */,
				C36C8BFA159B122C006597FC /* linux_x86 */,
				C36C8BFD159B122C006597FC /* mac_x86 */,
				C36C8C01159B122C006597FC /* README */,
				C36C8C02159B122C006597FC /* win_x86 */,
			);
			path = "class-dump-z_0.2a";
			sourceTree = "<group>";
		};
		C36C8BF6159B122C006597FC /* iphone_armv6 */ = {
			isa = PBXGroup;
			children = (
				C36C8BF7159B122C006597FC /* class-dump-z */,
				C36C8BF8159B122C006597FC /* README */,
			);
			path = iphone_armv6;
			sourceTree = "<group>";
		};
		C36C8BFA159B122C006597FC /* linux_x86 */ = {
			isa = PBXGroup;
			children = (
				C36C8BFB159B122C006597FC /* class-dump-z */,
				C36C8BFC159B122C006597FC /* README */,
			);
			path = linux_x86;
			sourceTree = "<group>";
		};
		C36C8BFD159B122C006597FC /* mac_x86 */ = {
			isa = PBXGroup;
			children = (
				C36C8BFE159B122C006597FC /* class-dump-z */,
				C36C8BFF159B122C006597FC /* generate_dump.sh */,
				C36C8C00159B122C006597FC /* test.sh */,
			);
			path = mac_x86;
			sourceTree = "<group>";
		};
		C36C8C02159B122C006597FC /* win_x86 */ = {
			isa = PBXGroup;
			children = (
				C36C8C03159B122C006597FC /* class-dump-z.exe */,
			);
			path = win_x86;
			sourceTree = "<group>";
		};
/* End PBXGroup section */

/* Begin PBXProject section */
		C36C8BEB159B11C5006597FC /* Project object */ = {
			isa = PBXProject;
			attributes = {
				LastUpgradeCheck = 0450;
			};
			buildConfigurationList = C36C8BEE159B11C5006597FC /* Build configuration list for PBXProject "ObjectiveHeaders" */;
			compatibilityVersion = "Xcode 3.2";
			developmentRegion = English;
			hasScannedForEncodings = 0;
			knownRegions = (
				en,
			);
			mainGroup = C36C8BE9159B11C5006597FC;
			projectDirPath = "";
			projectRoot = "";
			targets = (
			);
		};
/* End PBXProject section */

/* Begin XCBuildConfiguration section */
		C36C8BF0159B11C5006597FC /* Debug */ = {
			isa = XCBuildConfiguration;
			buildSettings = {
			};
			name = Debug;
		};
		C36C8BF1159B11C5006597FC /* Release */ = {
			isa = XCBuildConfiguration;
			buildSettings = {
			};
			name = Release;
		};
/* End XCBuildConfiguration section */

/* Begin XCConfigurationList section */
		C36C8BEE159B11C5006597FC /* Build configuration list for PBXProject "ObjectiveHeaders" */ = {
			isa = XCConfigurationList;
			buildConfigurations = (
				C36C8BF0159B11C5006597FC /* Debug */,
				C36C8BF1159B11C5006597FC /* Release */,
			);
			defaultConfigurationIsVisible = 0;
			defaultConfigurationName = Release;
		};
/* End XCConfigurationList section */
	};
	rootObject = C36C8BEB159B11C5006597FC /* Project object */;
}
